{
  "name": "example-ever-sdk-deno",
  "lockfileVersion": 2,
  "requires": true,
  "packages": {
    "": {
      "dependencies": {
        "@eversdk/lib-web": "^1.39.0"
      }
    },
    "node_modules/@eversdk/lib-web": {
      "version": "1.39.0",
      "resolved": "https://registry.npmjs.org/@eversdk/lib-web/-/lib-web-1.39.0.tgz",
      "integrity": "sha512-rBwwexdbhvUJ5BxyWe6HsVrvf8h2uHtGfueUozSw6iQYxrheP/WEWtNFCg6lb0CsD6cvL8ODnjpQ9k32LTg7Fg==",
      "hasInstallScript": true,
      "engines": {
        "node": ">=6"
      }
    }
  },
  "dependencies": {
    "@eversdk/lib-web": {
      "version": "1.39.0",
      "resolved": "https://registry.npmjs.org/@eversdk/lib-web/-/lib-web-1.39.0.tgz",
      "integrity": "sha512-rBwwexdbhvUJ5BxyWe6HsVrvf8h2uHtGfueUozSw6iQYxrheP/WEWtNFCg6lb0CsD6cvL8ODnjpQ9k32LTg7Fg=="
    }
  }
}
